
Microsoft Visual Studio Solution File, Format Version 12.00
# Visual Studio Version 17
VisualStudioVersion = 17.3.32825.248
MinimumVisualStudioVersion = 10.0.40219.1
Project("{8BC9CEB8-8B4A-11D0-8D11-00A0C91BC942}") = "MenuV1", "MenuV1.vcxproj", "{77CAE67A-861A-41BA-8AE3-D425B66D312C}"
EndProject
Global
	GlobalSection(SolutionConfigurationPlatforms) = preSolution
		Debug|x64 = Debug|x64
		Debug|x86 = Debug|x86
		Release|x64 = Release|x64
		Release|x86 = Release|x86
	EndGlobalSection
	GlobalSection(ProjectConfigurationPlatforms) = postSolution
		{77CAE67A-861A-41BA-8AE3-D425B66D312C}.Debug|x64.ActiveCfg = Debug|x64
		{77CAE67A-861A-41BA-8AE3-D425B66D312C}.Debug|x64.Build.0 = Debug|x64
		{77CAE67A-861A-41BA-8AE3-D425B66D312C}.Debug|x86.ActiveCfg = Debug|Win32
		{77CAE67A-861A-41BA-8AE3-D425B66D312C}.Debug|x86.Build.0 = Debug|Win32
		{77CAE67A-861A-41BA-8AE3-D425B66D312C}.Release|x64.ActiveCfg = Release|x64
		{77CAE67A-861A-41BA-8AE3-D425B66D312C}.Release|x64.Build.0 = Release|x64
		{77CAE67A-861A-41BA-8AE3-D425B66D312C}.Release|x86.ActiveCfg = Release|Win32
		{77CAE67A-861A-41BA-8AE3-D425B66D312C}.Release|x86.Build.0 = Release|Win32
	EndGlobalSection
	GlobalSection(SolutionProperties) = preSolution
		HideSolutionNode = FALSE
	EndGlobalSection
	GlobalSection(ExtensibilityGlobals) = postSolution
		SolutionGuid = {A81267D6-064E-493E-BB40-D24EF913942B}
	EndGlobalSection
EndGlobal
